
Microsoft Visual Studio Solution File, Format Version 12.00
# Visual Studio 15
VisualStudioVersion = 15.0.26228.9
MinimumVisualStudioVersion = 10.0.40219.1
Project("{FAE04EC0-301F-11D3-BF4B-00C04F79EFBC}") = "refactor-me", "refactor-me\refactor-me.csproj", "{20AB69F9-F2D3-4A68-96C3-424EC8B9406E}"
	ProjectSection(ProjectDependencies) = postProject
		{EB6ABE6B-31CB-4470-9E09-743D2A5C5E11} = {EB6ABE6B-31CB-4470-9E09-743D2A5C5E11}
	EndProjectSection
EndProject
Project("{FAE04EC0-301F-11D3-BF4B-00C04F79EFBC}") = "ProductServices", "ProductServices\ProductServices.csproj", "{EB6ABE6B-31CB-4470-9E09-743D2A5C5E11}"
	ProjectSection(ProjectDependencies) = postProject
		{856296F1-5741-47D3-847B-EE1FFF61C01D} = {856296F1-5741-47D3-847B-EE1FFF61C01D}
	EndProjectSection
EndProject
Project("{FAE04EC0-301F-11D3-BF4B-00C04F79EFBC}") = "ProductData", "ProductData\ProductData.csproj", "{04494CA5-AA63-42E0-8109-56FD40800156}"
EndProject
Project("{FAE04EC0-301F-11D3-BF4B-00C04F79EFBC}") = "ProductDAL", "ProductDAL\ProductDAL.csproj", "{856296F1-5741-47D3-847B-EE1FFF61C01D}"
	ProjectSection(ProjectDependencies) = postProject
		{04494CA5-AA63-42E0-8109-56FD40800156} = {04494CA5-AA63-42E0-8109-56FD40800156}
	EndProjectSection
EndProject
Project("{FAE04EC0-301F-11D3-BF4B-00C04F79EFBC}") = "ControllerTest", "ControllerTest\ControllerTest.csproj", "{9D91F612-69BB-426E-917D-1033ADF7C1DA}"
EndProject
Project("{FAE04EC0-301F-11D3-BF4B-00C04F79EFBC}") = "ProductCore", "ProductCore\ProductCore.csproj", "{F6251A36-F4AC-4E70-AF4B-76B12A41C52A}"
EndProject
Project("{FAE04EC0-301F-11D3-BF4B-00C04F79EFBC}") = "ServiceTest", "ServiceTest\ServiceTest.csproj", "{04DA3430-7662-4E73-93B8-A6161539688E}"
EndProject
Global
	GlobalSection(SolutionConfigurationPlatforms) = preSolution
		Debug|Any CPU = Debug|Any CPU
		Release|Any CPU = Release|Any CPU
	EndGlobalSection
	GlobalSection(ProjectConfigurationPlatforms) = postSolution
		{20AB69F9-F2D3-4A68-96C3-424EC8B9406E}.Debug|Any CPU.ActiveCfg = Debug|Any CPU
		{20AB69F9-F2D3-4A68-96C3-424EC8B9406E}.Debug|Any CPU.Build.0 = Debug|Any CPU
		{20AB69F9-F2D3-4A68-96C3-424EC8B9406E}.Release|Any CPU.ActiveCfg = Release|Any CPU
		{20AB69F9-F2D3-4A68-96C3-424EC8B9406E}.Release|Any CPU.Build.0 = Release|Any CPU
		{EB6ABE6B-31CB-4470-9E09-743D2A5C5E11}.Debug|Any CPU.ActiveCfg = Debug|Any CPU
		{EB6ABE6B-31CB-4470-9E09-743D2A5C5E11}.Debug|Any CPU.Build.0 = Debug|Any CPU
		{EB6ABE6B-31CB-4470-9E09-743D2A5C5E11}.Release|Any CPU.ActiveCfg = Release|Any CPU
		{EB6ABE6B-31CB-4470-9E09-743D2A5C5E11}.Release|Any CPU.Build.0 = Release|Any CPU
		{04494CA5-AA63-42E0-8109-56FD40800156}.Debug|Any CPU.ActiveCfg = Debug|Any CPU
		{04494CA5-AA63-42E0-8109-56FD40800156}.Debug|Any CPU.Build.0 = Debug|Any CPU
		{04494CA5-AA63-42E0-8109-56FD40800156}.Release|Any CPU.ActiveCfg = Release|Any CPU
		{04494CA5-AA63-42E0-8109-56FD40800156}.Release|Any CPU.Build.0 = Release|Any CPU
		{856296F1-5741-47D3-847B-EE1FFF61C01D}.Debug|Any CPU.ActiveCfg = Debug|Any CPU
		{856296F1-5741-47D3-847B-EE1FFF61C01D}.Debug|Any CPU.Build.0 = Debug|Any CPU
		{856296F1-5741-47D3-847B-EE1FFF61C01D}.Release|Any CPU.ActiveCfg = Release|Any CPU
		{856296F1-5741-47D3-847B-EE1FFF61C01D}.Release|Any CPU.Build.0 = Release|Any CPU
		{9D91F612-69BB-426E-917D-1033ADF7C1DA}.Debug|Any CPU.ActiveCfg = Debug|Any CPU
		{9D91F612-69BB-426E-917D-1033ADF7C1DA}.Debug|Any CPU.Build.0 = Debug|Any CPU
		{9D91F612-69BB-426E-917D-1033ADF7C1DA}.Release|Any CPU.ActiveCfg = Release|Any CPU
		{9D91F612-69BB-426E-917D-1033ADF7C1DA}.Release|Any CPU.Build.0 = Release|Any CPU
		{F6251A36-F4AC-4E70-AF4B-76B12A41C52A}.Debug|Any CPU.ActiveCfg = Debug|Any CPU
		{F6251A36-F4AC-4E70-AF4B-76B12A41C52A}.Debug|Any CPU.Build.0 = Debug|Any CPU
		{F6251A36-F4AC-4E70-AF4B-76B12A41C52A}.Release|Any CPU.ActiveCfg = Release|Any CPU
		{F6251A36-F4AC-4E70-AF4B-76B12A41C52A}.Release|Any CPU.Build.0 = Release|Any CPU
		{04DA3430-7662-4E73-93B8-A6161539688E}.Debug|Any CPU.ActiveCfg = Debug|Any CPU
		{04DA3430-7662-4E73-93B8-A6161539688E}.Debug|Any CPU.Build.0 = Debug|Any CPU
		{04DA3430-7662-4E73-93B8-A6161539688E}.Release|Any CPU.ActiveCfg = Release|Any CPU
		{04DA3430-7662-4E73-93B8-A6161539688E}.Release|Any CPU.Build.0 = Release|Any CPU
	EndGlobalSection
	GlobalSection(SolutionProperties) = preSolution
		HideSolutionNode = FALSE
	EndGlobalSection
	GlobalSection(ExtensibilityGlobals) = postSolution
		SolutionGuid = {88325450-8CF5-4DCE-8C32-D80EE5236235}
	EndGlobalSection
EndGlobal
